
Microsoft Visual Studio Solution File, Format Version 12.00
# Visual Studio 15
VisualStudioVersion = 15.0.26124.0
MinimumVisualStudioVersion = 15.0.26124.0
Project("{2150E333-8FDC-42A3-9474-1A3956D46DE8}") = "Source", "Source", "{66125CBC-8B22-4FF6-9651-2DEB389FC895}"
EndProject
Project("{FAE04EC0-301F-11D3-BF4B-00C04F79EFBC}") = "RBK.Covid19", "Source\RBK.Covid19\RBK.Covid19.csproj", "{45B39277-01DF-4708-B503-C7467D849A88}"
EndProject
Project("{FAE04EC0-301F-11D3-BF4B-00C04F79EFBC}") = "RBK.Covid19.Contracts", "Source\RBK.Covid19.Contracts\RBK.Covid19.Contracts.csproj", "{739201F4-B700-4C82-A377-C7918AFABBC1}"
EndProject
Global
	GlobalSection(SolutionConfigurationPlatforms) = preSolution
		Debug|Any CPU = Debug|Any CPU
		Debug|x64 = Debug|x64
		Debug|x86 = Debug|x86
		Release|Any CPU = Release|Any CPU
		Release|x64 = Release|x64
		Release|x86 = Release|x86
	EndGlobalSection
	GlobalSection(SolutionProperties) = preSolution
		HideSolutionNode = FALSE
	EndGlobalSection
	GlobalSection(ProjectConfigurationPlatforms) = postSolution
		{45B39277-01DF-4708-B503-C7467D849A88}.Debug|Any CPU.ActiveCfg = Debug|Any CPU
		{45B39277-01DF-4708-B503-C7467D849A88}.Debug|Any CPU.Build.0 = Debug|Any CPU
		{45B39277-01DF-4708-B503-C7467D849A88}.Debug|x64.ActiveCfg = Debug|Any CPU
		{45B39277-01DF-4708-B503-C7467D849A88}.Debug|x64.Build.0 = Debug|Any CPU
		{45B39277-01DF-4708-B503-C7467D849A88}.Debug|x86.ActiveCfg = Debug|Any CPU
		{45B39277-01DF-4708-B503-C7467D849A88}.Debug|x86.Build.0 = Debug|Any CPU
		{45B39277-01DF-4708-B503-C7467D849A88}.Release|Any CPU.ActiveCfg = Release|Any CPU
		{45B39277-01DF-4708-B503-C7467D849A88}.Release|Any CPU.Build.0 = Release|Any CPU
		{45B39277-01DF-4708-B503-C7467D849A88}.Release|x64.ActiveCfg = Release|Any CPU
		{45B39277-01DF-4708-B503-C7467D849A88}.Release|x64.Build.0 = Release|Any CPU
		{45B39277-01DF-4708-B503-C7467D849A88}.Release|x86.ActiveCfg = Release|Any CPU
		{45B39277-01DF-4708-B503-C7467D849A88}.Release|x86.Build.0 = Release|Any CPU
		{739201F4-B700-4C82-A377-C7918AFABBC1}.Debug|Any CPU.ActiveCfg = Debug|Any CPU
		{739201F4-B700-4C82-A377-C7918AFABBC1}.Debug|Any CPU.Build.0 = Debug|Any CPU
		{739201F4-B700-4C82-A377-C7918AFABBC1}.Debug|x64.ActiveCfg = Debug|Any CPU
		{739201F4-B700-4C82-A377-C7918AFABBC1}.Debug|x64.Build.0 = Debug|Any CPU
		{739201F4-B700-4C82-A377-C7918AFABBC1}.Debug|x86.ActiveCfg = Debug|Any CPU
		{739201F4-B700-4C82-A377-C7918AFABBC1}.Debug|x86.Build.0 = Debug|Any CPU
		{739201F4-B700-4C82-A377-C7918AFABBC1}.Release|Any CPU.ActiveCfg = Release|Any CPU
		{739201F4-B700-4C82-A377-C7918AFABBC1}.Release|Any CPU.Build.0 = Release|Any CPU
		{739201F4-B700-4C82-A377-C7918AFABBC1}.Release|x64.ActiveCfg = Release|Any CPU
		{739201F4-B700-4C82-A377-C7918AFABBC1}.Release|x64.Build.0 = Release|Any CPU
		{739201F4-B700-4C82-A377-C7918AFABBC1}.Release|x86.ActiveCfg = Release|Any CPU
		{739201F4-B700-4C82-A377-C7918AFABBC1}.Release|x86.Build.0 = Release|Any CPU
	EndGlobalSection
	GlobalSection(NestedProjects) = preSolution
		{45B39277-01DF-4708-B503-C7467D849A88} = {66125CBC-8B22-4FF6-9651-2DEB389FC895}
		{739201F4-B700-4C82-A377-C7918AFABBC1} = {66125CBC-8B22-4FF6-9651-2DEB389FC895}
	EndGlobalSection
EndGlobal
